
Microsoft Visual Studio Solution File, Format Version 12.00
# Visual Studio Version 16
VisualStudioVersion = 16.0.29215.179
MinimumVisualStudioVersion = 10.0.40219.1
Project("{FAE04EC0-301F-11D3-BF4B-00C04F79EFBC}") = "Practica.Android", "Practica\Practica.Android\Practica.Android.csproj", "{783F196C-34F9-44FC-8F1C-0CFB322D0C55}"
EndProject
Project("{FAE04EC0-301F-11D3-BF4B-00C04F79EFBC}") = "Practica.iOS", "Practica\Practica.iOS\Practica.iOS.csproj", "{4A6EF3C8-6A87-4B60-A95F-212315C3F5C7}"
EndProject
Project("{FAE04EC0-301F-11D3-BF4B-00C04F79EFBC}") = "Practica", "Practica\Practica\Practica.csproj", "{03B277CF-7261-4ECB-AC3A-0B614837A891}"
EndProject
Global
	GlobalSection(SolutionConfigurationPlatforms) = preSolution
		Debug|Any CPU = Debug|Any CPU
		Debug|iPhone = Debug|iPhone
		Debug|iPhoneSimulator = Debug|iPhoneSimulator
		Release|Any CPU = Release|Any CPU
		Release|iPhone = Release|iPhone
		Release|iPhoneSimulator = Release|iPhoneSimulator
	EndGlobalSection
	GlobalSection(ProjectConfigurationPlatforms) = postSolution
		{783F196C-34F9-44FC-8F1C-0CFB322D0C55}.Debug|Any CPU.ActiveCfg = Debug|Any CPU
		{783F196C-34F9-44FC-8F1C-0CFB322D0C55}.Debug|Any CPU.Build.0 = Debug|Any CPU
		{783F196C-34F9-44FC-8F1C-0CFB322D0C55}.Debug|Any CPU.Deploy.0 = Debug|Any CPU
		{783F196C-34F9-44FC-8F1C-0CFB322D0C55}.Debug|iPhone.ActiveCfg = Debug|Any CPU
		{783F196C-34F9-44FC-8F1C-0CFB322D0C55}.Debug|iPhone.Build.0 = Debug|Any CPU
		{783F196C-34F9-44FC-8F1C-0CFB322D0C55}.Debug|iPhone.Deploy.0 = Debug|Any CPU
		{783F196C-34F9-44FC-8F1C-0CFB322D0C55}.Debug|iPhoneSimulator.ActiveCfg = Debug|Any CPU
		{783F196C-34F9-44FC-8F1C-0CFB322D0C55}.Debug|iPhoneSimulator.Build.0 = Debug|Any CPU
		{783F196C-34F9-44FC-8F1C-0CFB322D0C55}.Debug|iPhoneSimulator.Deploy.0 = Debug|Any CPU
		{783F196C-34F9-44FC-8F1C-0CFB322D0C55}.Release|Any CPU.ActiveCfg = Release|Any CPU
		{783F196C-34F9-44FC-8F1C-0CFB322D0C55}.Release|Any CPU.Build.0 = Release|Any CPU
		{783F196C-34F9-44FC-8F1C-0CFB322D0C55}.Release|Any CPU.Deploy.0 = Release|Any CPU
		{783F196C-34F9-44FC-8F1C-0CFB322D0C55}.Release|iPhone.ActiveCfg = Release|Any CPU
		{783F196C-34F9-44FC-8F1C-0CFB322D0C55}.Release|iPhone.Build.0 = Release|Any CPU
		{783F196C-34F9-44FC-8F1C-0CFB322D0C55}.Release|iPhone.Deploy.0 = Release|Any CPU
		{783F196C-34F9-44FC-8F1C-0CFB322D0C55}.Release|iPhoneSimulator.ActiveCfg = Release|Any CPU
		{783F196C-34F9-44FC-8F1C-0CFB322D0C55}.Release|iPhoneSimulator.Build.0 = Release|Any CPU
		{783F196C-34F9-44FC-8F1C-0CFB322D0C55}.Release|iPhoneSimulator.Deploy.0 = Release|Any CPU
		{4A6EF3C8-6A87-4B60-A95F-212315C3F5C7}.Debug|Any CPU.ActiveCfg = Debug|iPhoneSimulator
		{4A6EF3C8-6A87-4B60-A95F-212315C3F5C7}.Debug|Any CPU.Build.0 = Debug|iPhoneSimulator
		{4A6EF3C8-6A87-4B60-A95F-212315C3F5C7}.Debug|Any CPU.Deploy.0 = Debug|iPhoneSimulator
		{4A6EF3C8-6A87-4B60-A95F-212315C3F5C7}.Debug|iPhone.ActiveCfg = Debug|iPhone
		{4A6EF3C8-6A87-4B60-A95F-212315C3F5C7}.Debug|iPhone.Build.0 = Debug|iPhone
		{4A6EF3C8-6A87-4B60-A95F-212315C3F5C7}.Debug|iPhone.Deploy.0 = Debug|iPhone
		{4A6EF3C8-6A87-4B60-A95F-212315C3F5C7}.Debug|iPhoneSimulator.ActiveCfg = Debug|iPhoneSimulator
		{4A6EF3C8-6A87-4B60-A95F-212315C3F5C7}.Debug|iPhoneSimulator.Build.0 = Debug|iPhoneSimulator
		{4A6EF3C8-6A87-4B60-A95F-212315C3F5C7}.Debug|iPhoneSimulator.Deploy.0 = Debug|iPhoneSimulator
		{4A6EF3C8-6A87-4B60-A95F-212315C3F5C7}.Release|Any CPU.ActiveCfg = Release|iPhone
		{4A6EF3C8-6A87-4B60-A95F-212315C3F5C7}.Release|Any CPU.Build.0 = Release|iPhone
		{4A6EF3C8-6A87-4B60-A95F-212315C3F5C7}.Release|Any CPU.Deploy.0 = Release|iPhone
		{4A6EF3C8-6A87-4B60-A95F-212315C3F5C7}.Release|iPhone.ActiveCfg = Release|iPhone
		{4A6EF3C8-6A87-4B60-A95F-212315C3F5C7}.Release|iPhone.Build.0 = Release|iPhone
		{4A6EF3C8-6A87-4B60-A95F-212315C3F5C7}.Release|iPhone.Deploy.0 = Release|iPhone
		{4A6EF3C8-6A87-4B60-A95F-212315C3F5C7}.Release|iPhoneSimulator.ActiveCfg = Release|iPhoneSimulator
		{4A6EF3C8-6A87-4B60-A95F-212315C3F5C7}.Release|iPhoneSimulator.Build.0 = Release|iPhoneSimulator
		{4A6EF3C8-6A87-4B60-A95F-212315C3F5C7}.Release|iPhoneSimulator.Deploy.0 = Release|iPhoneSimulator
		{03B277CF-7261-4ECB-AC3A-0B614837A891}.Debug|Any CPU.ActiveCfg = Debug|Any CPU
		{03B277CF-7261-4ECB-AC3A-0B614837A891}.Debug|Any CPU.Build.0 = Debug|Any CPU
		{03B277CF-7261-4ECB-AC3A-0B614837A891}.Debug|Any CPU.Deploy.0 = Debug|Any CPU
		{03B277CF-7261-4ECB-AC3A-0B614837A891}.Debug|iPhone.ActiveCfg = Debug|Any CPU
		{03B277CF-7261-4ECB-AC3A-0B614837A891}.Debug|iPhone.Build.0 = Debug|Any CPU
		{03B277CF-7261-4ECB-AC3A-0B614837A891}.Debug|iPhone.Deploy.0 = Debug|Any CPU
		{03B277CF-7261-4ECB-AC3A-0B614837A891}.Debug|iPhoneSimulator.ActiveCfg = Debug|Any CPU
		{03B277CF-7261-4ECB-AC3A-0B614837A891}.Debug|iPhoneSimulator.Build.0 = Debug|Any CPU
		{03B277CF-7261-4ECB-AC3A-0B614837A891}.Debug|iPhoneSimulator.Deploy.0 = Debug|Any CPU
		{03B277CF-7261-4ECB-AC3A-0B614837A891}.Release|Any CPU.ActiveCfg = Release|Any CPU
		{03B277CF-7261-4ECB-AC3A-0B614837A891}.Release|Any CPU.Build.0 = Release|Any CPU
		{03B277CF-7261-4ECB-AC3A-0B614837A891}.Release|Any CPU.Deploy.0 = Release|Any CPU
		{03B277CF-7261-4ECB-AC3A-0B614837A891}.Release|iPhone.ActiveCfg = Release|Any CPU
		{03B277CF-7261-4ECB-AC3A-0B614837A891}.Release|iPhone.Build.0 = Release|Any CPU
		{03B277CF-7261-4ECB-AC3A-0B614837A891}.Release|iPhone.Deploy.0 = Release|Any CPU
		{03B277CF-7261-4ECB-AC3A-0B614837A891}.Release|iPhoneSimulator.ActiveCfg = Release|Any CPU
		{03B277CF-7261-4ECB-AC3A-0B614837A891}.Release|iPhoneSimulator.Build.0 = Release|Any CPU
		{03B277CF-7261-4ECB-AC3A-0B614837A891}.Release|iPhoneSimulator.Deploy.0 = Release|Any CPU
	EndGlobalSection
	GlobalSection(SolutionProperties) = preSolution
		HideSolutionNode = FALSE
	EndGlobalSection
	GlobalSection(ExtensibilityGlobals) = postSolution
		SolutionGuid = {8B0A7C3F-0020-433F-B2BE-EC6FDC980D7E}
	EndGlobalSection
EndGlobal
